
Microsoft Visual Studio Solution File, Format Version 12.00
# Visual Studio Version 17
VisualStudioVersion = 17.4.33205.214
MinimumVisualStudioVersion = 10.0.40219.1
Project("{9A19103F-16F7-4668-BE54-9A1E7A4F7556}") = "EmployeeTest.Api", "EmployeeTest.Api\EmployeeTest.Api.csproj", "{D4A7DFCF-1F1A-43EB-856E-F85D6E3F8BF2}"
EndProject
Project("{9A19103F-16F7-4668-BE54-9A1E7A4F7556}") = "EmployeeTest.Data", "EmployeeTest.Data\EmployeeTest.Data.csproj", "{343BFF93-BEE0-4E8C-A19D-38E7B4156ADC}"
EndProject
Project("{FAE04EC0-301F-11D3-BF4B-00C04F79EFBC}") = "EmployeeTest.Test", "EmployeeTest.Test\EmployeeTest.Test.csproj", "{DE100886-5500-4BAC-B880-BE9230E13F00}"
EndProject
Global
	GlobalSection(SolutionConfigurationPlatforms) = preSolution
		Debug|Any CPU = Debug|Any CPU
		Release|Any CPU = Release|Any CPU
	EndGlobalSection
	GlobalSection(ProjectConfigurationPlatforms) = postSolution
		{D4A7DFCF-1F1A-43EB-856E-F85D6E3F8BF2}.Debug|Any CPU.ActiveCfg = Debug|Any CPU
		{D4A7DFCF-1F1A-43EB-856E-F85D6E3F8BF2}.Debug|Any CPU.Build.0 = Debug|Any CPU
		{D4A7DFCF-1F1A-43EB-856E-F85D6E3F8BF2}.Release|Any CPU.ActiveCfg = Release|Any CPU
		{D4A7DFCF-1F1A-43EB-856E-F85D6E3F8BF2}.Release|Any CPU.Build.0 = Release|Any CPU
		{343BFF93-BEE0-4E8C-A19D-38E7B4156ADC}.Debug|Any CPU.ActiveCfg = Debug|Any CPU
		{343BFF93-BEE0-4E8C-A19D-38E7B4156ADC}.Debug|Any CPU.Build.0 = Debug|Any CPU
		{343BFF93-BEE0-4E8C-A19D-38E7B4156ADC}.Release|Any CPU.ActiveCfg = Release|Any CPU
		{343BFF93-BEE0-4E8C-A19D-38E7B4156ADC}.Release|Any CPU.Build.0 = Release|Any CPU
		{DE100886-5500-4BAC-B880-BE9230E13F00}.Debug|Any CPU.ActiveCfg = Debug|Any CPU
		{DE100886-5500-4BAC-B880-BE9230E13F00}.Debug|Any CPU.Build.0 = Debug|Any CPU
		{DE100886-5500-4BAC-B880-BE9230E13F00}.Release|Any CPU.ActiveCfg = Release|Any CPU
		{DE100886-5500-4BAC-B880-BE9230E13F00}.Release|Any CPU.Build.0 = Release|Any CPU
	EndGlobalSection
	GlobalSection(SolutionProperties) = preSolution
		HideSolutionNode = FALSE
	EndGlobalSection
	GlobalSection(ExtensibilityGlobals) = postSolution
		SolutionGuid = {2A197D89-CB01-47DE-AAC3-9DA17D1256BA}
	EndGlobalSection
EndGlobal
